# THIS IS AN AUTOGENERATED FILE. DO NOT EDIT THIS FILE DIRECTLY.
# yarn lockfile v1


"@vue/reactivity@3.5.15":
  version "3.5.15"
  resolved "https://registry.yarnpkg.com/@vue/reactivity/-/reactivity-3.5.15.tgz#18d00ae922e8b0dc09afe952bd47510c6e4305e9"
  integrity sha512-GaA5VUm30YWobCwpvcs9nvFKf27EdSLKDo2jA0IXzGS344oNpFNbEQ9z+Pp5ESDaxyS8FcH0vFN/XSe95BZtHQ==
  dependencies:
    "@vue/shared" "3.5.15"

"@vue/runtime-core@^3.5.15":
  version "3.5.15"
  resolved "https://registry.yarnpkg.com/@vue/runtime-core/-/runtime-core-3.5.15.tgz#0accac4b441bb4aa00f58ba353b6f61e83f45202"
  integrity sha512-CZAlIOQ93nj0OPpWWOx4+QDLCMzBNY85IQR4Voe6vIID149yF8g9WQaWnw042f/6JfvLttK7dnyWlC1EVCRK8Q==
  dependencies:
    "@vue/reactivity" "3.5.15"
    "@vue/shared" "3.5.15"

"@vue/shared@3.5.15", "@vue/shared@^3.5.15":
  version "3.5.15"
  resolved "https://registry.yarnpkg.com/@vue/shared/-/shared-3.5.15.tgz#4c633a0e66f38119e38eecf340b4a65b0bad7192"
  integrity sha512-bKvgFJJL1ZX9KxMCTQY6xD9Dhe3nusd1OhyOb1cJYGqvAr0Vg8FIjHPMOEVbJ9GDT9HG+Bjdn4oS8ohKP8EvoA==
